
Microsoft Visual Studio Solution File, Format Version 12.00
# Visual Studio Version 17
VisualStudioVersion = 17.8.34511.84
MinimumVisualStudioVersion = 10.0.40219.1
Project("{FAE04EC0-301F-11D3-BF4B-00C04F79EFBC}") = "TravelService", "TravelService\TravelService.csproj", "{E922216A-00CD-4181-8D76-E99D4EFD586B}"
EndProject
Global
	GlobalSection(SolutionConfigurationPlatforms) = preSolution
		Debug|Any CPU = Debug|Any CPU
		Release|Any CPU = Release|Any CPU
	EndGlobalSection
	GlobalSection(ProjectConfigurationPlatforms) = postSolution
		{E922216A-00CD-4181-8D76-E99D4EFD586B}.Debug|Any CPU.ActiveCfg = Debug|Any CPU
		{E922216A-00CD-4181-8D76-E99D4EFD586B}.Debug|Any CPU.Build.0 = Debug|Any CPU
		{E922216A-00CD-4181-8D76-E99D4EFD586B}.Release|Any CPU.ActiveCfg = Release|Any CPU
		{E922216A-00CD-4181-8D76-E99D4EFD586B}.Release|Any CPU.Build.0 = Release|Any CPU
	EndGlobalSection
	GlobalSection(SolutionProperties) = preSolution
		HideSolutionNode = FALSE
	EndGlobalSection
	GlobalSection(ExtensibilityGlobals) = postSolution
		SolutionGuid = {660DC9B4-2D0C-4B01-862A-246B32E3224F}
	EndGlobalSection
EndGlobal
